
Microsoft Visual Studio Solution File, Format Version 12.00
# Visual Studio Version 17
VisualStudioVersion = 17.3.32922.545
MinimumVisualStudioVersion = 10.0.40219.1
Project("{FAE04EC0-301F-11D3-BF4B-00C04F79EFBC}") = "PolyInter", "PolyInter\PolyInter.csproj", "{E7EAC611-F54D-4EAD-B2D5-9D356381167F}"
EndProject
Global
	GlobalSection(SolutionConfigurationPlatforms) = preSolution
		Debug|Any CPU = Debug|Any CPU
		Release|Any CPU = Release|Any CPU
	EndGlobalSection
	GlobalSection(ProjectConfigurationPlatforms) = postSolution
		{E7EAC611-F54D-4EAD-B2D5-9D356381167F}.Debug|Any CPU.ActiveCfg = Debug|Any CPU
		{E7EAC611-F54D-4EAD-B2D5-9D356381167F}.Debug|Any CPU.Build.0 = Debug|Any CPU
		{E7EAC611-F54D-4EAD-B2D5-9D356381167F}.Release|Any CPU.ActiveCfg = Release|Any CPU
		{E7EAC611-F54D-4EAD-B2D5-9D356381167F}.Release|Any CPU.Build.0 = Release|Any CPU
	EndGlobalSection
	GlobalSection(SolutionProperties) = preSolution
		HideSolutionNode = FALSE
	EndGlobalSection
	GlobalSection(ExtensibilityGlobals) = postSolution
		SolutionGuid = {B33D83FF-5EB8-4349-99AC-F7FE0CCC1C84}
	EndGlobalSection
EndGlobal
